// !$*UTF8*$!
{
	archiveVersion = 1;
	classes = {
	};
	objectVersion = 50;
	objects = {

/* Begin PBXBuildFile section */
		97196C7423D7692000EEE6FD /* AppDelegate.swift in Sources */ = {isa = PBXBuildFile; fileRef = 97196C7323D7692000EEE6FD /* AppDelegate.swift */; };
		97196C7623D7692000EEE6FD /* SceneDelegate.swift in Sources */ = {isa = PBXBuildFile; fileRef = 97196C7523D7692000EEE6FD /* SceneDelegate.swift */; };
		97196C7B23D7692000EEE6FD /* Main.storyboard in Resources */ = {isa = PBXBuildFile; fileRef = 97196C7923D7692000EEE6FD /* Main.storyboard */; };
		97196C7D23D7692100EEE6FD /* Assets.xcassets in Resources */ = {isa = PBXBuildFile; fileRef = 97196C7C23D7692100EEE6FD /* Assets.xcassets */; };
		97196C8023D7692100EEE6FD /* LaunchScreen.storyboard in Resources */ = {isa = PBXBuildFile; fileRef = 97196C7E23D7692100EEE6FD /* LaunchScreen.storyboard */; };
		97196C8F23D76C8C00EEE6FD /* Pokemon.swift in Sources */ = {isa = PBXBuildFile; fileRef = 97196C8E23D76C8C00EEE6FD /* Pokemon.swift */; };
		97196C9123D7736B00EEE6FD /* PokemonController.swift in Sources */ = {isa = PBXBuildFile; fileRef = 97196C9023D7736B00EEE6FD /* PokemonController.swift */; };
		97196C9323D7748300EEE6FD /* PokemonError.swift in Sources */ = {isa = PBXBuildFile; fileRef = 97196C9223D7748300EEE6FD /* PokemonError.swift */; };
		97196C9523D784E800EEE6FD /* PokemonViewController.swift in Sources */ = {isa = PBXBuildFile; fileRef = 97196C9423D784E800EEE6FD /* PokemonViewController.swift */; };
		97196C9823D788C100EEE6FD /* UIViewControllerExtension.swift in Sources */ = {isa = PBXBuildFile; fileRef = 97196C9723D788C100EEE6FD /* UIViewControllerExtension.swift */; };
		97196C9A23D7CB6D00EEE6FD /* StringFormatter.swift in Sources */ = {isa = PBXBuildFile; fileRef = 97196C9923D7CB6D00EEE6FD /* StringFormatter.swift */; };
		97196C9C23D7CD7700EEE6FD /* BackgroundChanger.swift in Sources */ = {isa = PBXBuildFile; fileRef = 97196C9B23D7CD7700EEE6FD /* BackgroundChanger.swift */; };
/* End PBXBuildFile section */

/* Begin PBXFileReference section */
		97196C7023D7692000EEE6FD /* PokeDex.app */ = {isa = PBXFileReference; explicitFileType = wrapper.application; includeInIndex = 0; path = PokeDex.app; sourceTree = BUILT_PRODUCTS_DIR; };
		97196C7323D7692000EEE6FD /* AppDelegate.swift */ = {isa = PBXFileReference; lastKnownFileType = sourcecode.swift; path = AppDelegate.swift; sourceTree = "<group>"; };
		97196C7523D7692000EEE6FD /* SceneDelegate.swift */ = {isa = PBXFileReference; lastKnownFileType = sourcecode.swift; path = SceneDelegate.swift; sourceTree = "<group>"; };
		97196C7A23D7692000EEE6FD /* Base */ = {isa = PBXFileReference; lastKnownFileType = file.storyboard; name = Base; path = Base.lproj/Main.storyboard; sourceTree = "<group>"; };
		97196C7C23D7692100EEE6FD /* Assets.xcassets */ = {isa = PBXFileReference; lastKnownFileType = folder.assetcatalog; path = Assets.xcassets; sourceTree = "<group>"; };
		97196C7F23D7692100EEE6FD /* Base */ = {isa = PBXFileReference; lastKnownFileType = file.storyboard; name = Base; path = Base.lproj/LaunchScreen.storyboard; sourceTree = "<group>"; };
		97196C8123D7692100EEE6FD /* Info.plist */ = {isa = PBXFileReference; lastKnownFileType = text.plist.xml; path = Info.plist; sourceTree = "<group>"; };
		97196C8E23D76C8C00EEE6FD /* Pokemon.swift */ = {isa = PBXFileReference; lastKnownFileType = sourcecode.swift; path = Pokemon.swift; sourceTree = "<group>"; };
		97196C9023D7736B00EEE6FD /* PokemonController.swift */ = {isa = PBXFileReference; lastKnownFileType = sourcecode.swift; path = PokemonController.swift; sourceTree = "<group>"; };
		97196C9223D7748300EEE6FD /* PokemonError.swift */ = {isa = PBXFileReference; lastKnownFileType = sourcecode.swift; path = PokemonError.swift; sourceTree = "<group>"; };
		97196C9423D784E800EEE6FD /* PokemonViewController.swift */ = {isa = PBXFileReference; lastKnownFileType = sourcecode.swift; path = PokemonViewController.swift; sourceTree = "<group>"; };
		97196C9723D788C100EEE6FD /* UIViewControllerExtension.swift */ = {isa = PBXFileReference; lastKnownFileType = sourcecode.swift; path = UIViewControllerExtension.swift; sourceTree = "<group>"; };
		97196C9923D7CB6D00EEE6FD /* StringFormatter.swift */ = {isa = PBXFileReference; lastKnownFileType = sourcecode.swift; path = StringFormatter.swift; sourceTree = "<group>"; };
		97196C9B23D7CD7700EEE6FD /* BackgroundChanger.swift */ = {isa = PBXFileReference; lastKnownFileType = sourcecode.swift; path = BackgroundChanger.swift; sourceTree = "<group>"; };
/* End PBXFileReference section */

/* Begin PBXFrameworksBuildPhase section */
		97196C6D23D7692000EEE6FD /* Frameworks */ = {
			isa = PBXFrameworksBuildPhase;
			buildActionMask = 2147483647;
			files = (
			);
			runOnlyForDeploymentPostprocessing = 0;
		};
/* End PBXFrameworksBuildPhase section */

/* Begin PBXGroup section */
		97196C6723D7692000EEE6FD = {
			isa = PBXGroup;
			children = (
				97196C7123D7692000EEE6FD /* Products */,
				97196C7223D7692000EEE6FD /* PokeDex */,
			);
			sourceTree = "<group>";
		};
		97196C7123D7692000EEE6FD /* Products */ = {
			isa = PBXGroup;
			children = (
				97196C7023D7692000EEE6FD /* PokeDex.app */,
			);
			name = Products;
			sourceTree = "<group>";
		};
		97196C7223D7692000EEE6FD /* PokeDex */ = {
			isa = PBXGroup;
			children = (
				97196C9623D788A300EEE6FD /* Helper */,
				97196C8823D769DF00EEE6FD /* Models */,
				97196C8D23D76A0D00EEE6FD /* Storyboard */,
				97196C8923D769E600EEE6FD /* Controllers */,
				97196C8723D769BD00EEE6FD /* Resources */,
			);
			path = PokeDex;
			sourceTree = "<group>";
		};
		97196C8723D769BD00EEE6FD /* Resources */ = {
			isa = PBXGroup;
			children = (
				97196C7323D7692000EEE6FD /* AppDelegate.swift */,
				97196C7523D7692000EEE6FD /* SceneDelegate.swift */,
				97196C7C23D7692100EEE6FD /* Assets.xcassets */,
				97196C7E23D7692100EEE6FD /* LaunchScreen.storyboard */,
				97196C8123D7692100EEE6FD /* Info.plist */,
			);
			path = Resources;
			sourceTree = "<group>";
		};
		97196C8823D769DF00EEE6FD /* Models */ = {
			isa = PBXGroup;
			children = (
				97196C8E23D76C8C00EEE6FD /* Pokemon.swift */,
			);
			path = Models;
			sourceTree = "<group>";
		};
		97196C8923D769E600EEE6FD /* Controllers */ = {
			isa = PBXGroup;
			children = (
				97196C8B23D769FA00EEE6FD /* Model Controllers */,
				97196C8A23D769F000EEE6FD /* View Controllers */,
			);
			path = Controllers;
			sourceTree = "<group>";
		};
		97196C8A23D769F000EEE6FD /* View Controllers */ = {
			isa = PBXGroup;
			children = (
				97196C9423D784E800EEE6FD /* PokemonViewController.swift */,
				97196C8C23D76A0200EEE6FD /* Custom Views */,
			);
			path = "View Controllers";
			sourceTree = "<group>";
		};
		97196C8B23D769FA00EEE6FD /* Model Controllers */ = {
			isa = PBXGroup;
			children = (
				97196C9023D7736B00EEE6FD /* PokemonController.swift */,
				97196C9223D7748300EEE6FD /* PokemonError.swift */,
			);
			path = "Model Controllers";
			sourceTree = "<group>";
		};
		97196C8C23D76A0200EEE6FD /* Custom Views */ = {
			isa = PBXGroup;
			children = (
			);
			path = "Custom Views";
			sourceTree = "<group>";
		};
		97196C8D23D76A0D00EEE6FD /* Storyboard */ = {
			isa = PBXGroup;
			children = (
				97196C7923D7692000EEE6FD /* Main.storyboard */,
			);
			path = Storyboard;
			sourceTree = "<group>";
		};
		97196C9623D788A300EEE6FD /* Helper */ = {
			isa = PBXGroup;
			children = (
				97196C9723D788C100EEE6FD /* UIViewControllerExtension.swift */,
				97196C9923D7CB6D00EEE6FD /* StringFormatter.swift */,
				97196C9B23D7CD7700EEE6FD /* BackgroundChanger.swift */,
			);
			path = Helper;
			sourceTree = "<group>";
		};
/* End PBXGroup section */

/* Begin PBXNativeTarget section */
		97196C6F23D7692000EEE6FD /* PokeDex */ = {
			isa = PBXNativeTarget;
			buildConfigurationList = 97196C8423D7692100EEE6FD /* Build configuration list for PBXNativeTarget "PokeDex" */;
			buildPhases = (
				97196C6C23D7692000EEE6FD /* Sources */,
				97196C6D23D7692000EEE6FD /* Frameworks */,
				97196C6E23D7692000EEE6FD /* Resources */,
			);
			buildRules = (
			);
			dependencies = (
			);
			name = PokeDex;
			productName = PokeDex;
			productReference = 97196C7023D7692000EEE6FD /* PokeDex.app */;
			productType = "com.apple.product-type.application";
		};
/* End PBXNativeTarget section */

/* Begin PBXProject section */
		97196C6823D7692000EEE6FD /* Project object */ = {
			isa = PBXProject;
			attributes = {
				LastSwiftUpdateCheck = 1130;
				LastUpgradeCheck = 1130;
				ORGANIZATIONNAME = "Poff Daddy";
				TargetAttributes = {
					97196C6F23D7692000EEE6FD = {
						CreatedOnToolsVersion = 11.3.1;
					};
				};
			};
			buildConfigurationList = 97196C6B23D7692000EEE6FD /* Build configuration list for PBXProject "PokeDex" */;
			compatibilityVersion = "Xcode 9.3";
			developmentRegion = en;
			hasScannedForEncodings = 0;
			knownRegions = (
				en,
				Base,
			);
			mainGroup = 97196C6723D7692000EEE6FD;
			productRefGroup = 97196C7123D7692000EEE6FD /* Products */;
			projectDirPath = "";
			projectRoot = "";
			targets = (
				97196C6F23D7692000EEE6FD /* PokeDex */,
			);
		};
/* End PBXProject section */

/* Begin PBXResourcesBuildPhase section */
		97196C6E23D7692000EEE6FD /* Resources */ = {
			isa = PBXResourcesBuildPhase;
			buildActionMask = 2147483647;
			files = (
				97196C8023D7692100EEE6FD /* LaunchScreen.storyboard in Resources */,
				97196C7D23D7692100EEE6FD /* Assets.xcassets in Resources */,
				97196C7B23D7692000EEE6FD /* Main.storyboard in Resources */,
			);
			runOnlyForDeploymentPostprocessing = 0;
		};
/* End PBXResourcesBuildPhase section */

/* Begin PBXSourcesBuildPhase section */
		97196C6C23D7692000EEE6FD /* Sources */ = {
			isa = PBXSourcesBuildPhase;
			buildActionMask = 2147483647;
			files = (
				97196C7423D7692000EEE6FD /* AppDelegate.swift in Sources */,
				97196C7623D7692000EEE6FD /* SceneDelegate.swift in Sources */,
				97196C9523D784E800EEE6FD /* PokemonViewController.swift in Sources */,
				97196C8F23D76C8C00EEE6FD /* Pokemon.swift in Sources */,
				97196C9A23D7CB6D00EEE6FD /* StringFormatter.swift in Sources */,
				97196C9123D7736B00EEE6FD /* PokemonController.swift in Sources */,
				97196C9823D788C100EEE6FD /* UIViewControllerExtension.swift in Sources */,
				97196C9C23D7CD7700EEE6FD /* BackgroundChanger.swift in Sources */,
				97196C9323D7748300EEE6FD /* PokemonError.swift in Sources */,
			);
			runOnlyForDeploymentPostprocessing = 0;
		};
/* End PBXSourcesBuildPhase section */

/* Begin PBXVariantGroup section */
		97196C7923D7692000EEE6FD /* Main.storyboard */ = {
			isa = PBXVariantGroup;
			children = (
				97196C7A23D7692000EEE6FD /* Base */,
			);
			name = Main.storyboard;
			sourceTree = "<group>";
		};
		97196C7E23D7692100EEE6FD /* LaunchScreen.storyboard */ = {
			isa = PBXVariantGroup;
			children = (
				97196C7F23D7692100EEE6FD /* Base */,
			);
			name = LaunchScreen.storyboard;
			sourceTree = "<group>";
		};
/* End PBXVariantGroup section */

/* Begin XCBuildConfiguration section */
		97196C8223D7692100EEE6FD /* Debug */ = {
			isa = XCBuildConfiguration;
			buildSettings = {
				ALWAYS_SEARCH_USER_PATHS = NO;
				CLANG_ANALYZER_NONNULL = YES;
				CLANG_ANALYZER_NUMBER_OBJECT_CONVERSION = YES_AGGRESSIVE;
				CLANG_CXX_LANGUAGE_STANDARD = "gnu++14";
				CLANG_CXX_LIBRARY = "libc++";
				CLANG_ENABLE_MODULES = YES;
				CLANG_ENABLE_OBJC_ARC = YES;
				CLANG_ENABLE_OBJC_WEAK = YES;
				CLANG_WARN_BLOCK_CAPTURE_AUTORELEASING = YES;
				CLANG_WARN_BOOL_CONVERSION = YES;
				CLANG_WARN_COMMA = YES;
				CLANG_WARN_CONSTANT_CONVERSION = YES;
				CLANG_WARN_DEPRECATED_OBJC_IMPLEMENTATIONS = YES;
				CLANG_WARN_DIRECT_OBJC_ISA_USAGE = YES_ERROR;
				CLANG_WARN_DOCUMENTATION_COMMENTS = YES;
				CLANG_WARN_EMPTY_BODY = YES;
				CLANG_WARN_ENUM_CONVERSION = YES;
				CLANG_WARN_INFINITE_RECURSION = YES;
				CLANG_WARN_INT_CONVERSION = YES;
				CLANG_WARN_NON_LITERAL_NULL_CONVERSION = YES;
				CLANG_WARN_OBJC_IMPLICIT_RETAIN_SELF = YES;
				CLANG_WARN_OBJC_LITERAL_CONVERSION = YES;
				CLANG_WARN_OBJC_ROOT_CLASS = YES_ERROR;
				CLANG_WARN_RANGE_LOOP_ANALYSIS = YES;
				CLANG_WARN_STRICT_PROTOTYPES = YES;
				CLANG_WARN_SUSPICIOUS_MOVE = YES;
				CLANG_WARN_UNGUARDED_AVAILABILITY = YES_AGGRESSIVE;
				CLANG_WARN_UNREACHABLE_CODE = YES;
				CLANG_WARN__DUPLICATE_METHOD_MATCH = YES;
				COPY_PHASE_STRIP = NO;
				DEBUG_INFORMATION_FORMAT = dwarf;
				ENABLE_STRICT_OBJC_MSGSEND = YES;
				ENABLE_TESTABILITY = YES;
				GCC_C_LANGUAGE_STANDARD = gnu11;
				GCC_DYNAMIC_NO_PIC = NO;
				GCC_NO_COMMON_BLOCKS = YES;
				GCC_OPTIMIZATION_LEVEL = 0;
				GCC_PREPROCESSOR_DEFINITIONS = (
					"DEBUG=1",
					"$(inherited)",
				);
				GCC_WARN_64_TO_32_BIT_CONVERSION = YES;
				GCC_WARN_ABOUT_RETURN_TYPE = YES_ERROR;
				GCC_WARN_UNDECLARED_SELECTOR = YES;
				GCC_WARN_UNINITIALIZED_AUTOS = YES_AGGRESSIVE;
				GCC_WARN_UNUSED_FUNCTION = YES;
				GCC_WARN_UNUSED_VARIABLE = YES;
				IPHONEOS_DEPLOYMENT_TARGET = 13.2;
				MTL_ENABLE_DEBUG_INFO = INCLUDE_SOURCE;
				MTL_FAST_MATH = YES;
				ONLY_ACTIVE_ARCH = YES;
				SDKROOT = iphoneos;
				SWIFT_ACTIVE_COMPILATION_CONDITIONS = DEBUG;
				SWIFT_OPTIMIZATION_LEVEL = "-Onone";
			};
			name = Debug;
		};
		97196C8323D7692100EEE6FD /* Release */ = {
			isa = XCBuildConfiguration;
			buildSettings = {
				ALWAYS_SEARCH_USER_PATHS = NO;
				CLANG_ANALYZER_NONNULL = YES;
				CLANG_ANALYZER_NUMBER_OBJECT_CONVERSION = YES_AGGRESSIVE;
				CLANG_CXX_LANGUAGE_STANDARD = "gnu++14";
				CLANG_CXX_LIBRARY = "libc++";
				CLANG_ENABLE_MODULES = YES;
				CLANG_ENABLE_OBJC_ARC = YES;
				CLANG_ENABLE_OBJC_WEAK = YES;
				CLANG_WARN_BLOCK_CAPTURE_AUTORELEASING = YES;
				CLANG_WARN_BOOL_CONVERSION = YES;
				CLANG_WARN_COMMA = YES;
				CLANG_WARN_CONSTANT_CONVERSION = YES;
				CLANG_WARN_DEPRECATED_OBJC_IMPLEMENTATIONS = YES;
				CLANG_WARN_DIRECT_OBJC_ISA_USAGE = YES_ERROR;
				CLANG_WARN_DOCUMENTATION_COMMENTS = YES;
				CLANG_WARN_EMPTY_BODY = YES;
				CLANG_WARN_ENUM_CONVERSION = YES;
				CLANG_WARN_INFINITE_RECURSION = YES;
				CLANG_WARN_INT_CONVERSION = YES;
				CLANG_WARN_NON_LITERAL_NULL_CONVERSION = YES;
				CLANG_WARN_OBJC_IMPLICIT_RETAIN_SELF = YES;
				CLANG_WARN_OBJC_LITERAL_CONVERSION = YES;
				CLANG_WARN_OBJC_ROOT_CLASS = YES_ERROR;
				CLANG_WARN_RANGE_LOOP_ANALYSIS = YES;
				CLANG_WARN_STRICT_PROTOTYPES = YES;
				CLANG_WARN_SUSPICIOUS_MOVE = YES;
				CLANG_WARN_UNGUARDED_AVAILABILITY = YES_AGGRESSIVE;
				CLANG_WARN_UNREACHABLE_CODE = YES;
				CLANG_WARN__DUPLICATE_METHOD_MATCH = YES;
				COPY_PHASE_STRIP = NO;
				DEBUG_INFORMATION_FORMAT = "dwarf-with-dsym";
				ENABLE_NS_ASSERTIONS = NO;
				ENABLE_STRICT_OBJC_MSGSEND = YES;
				GCC_C_LANGUAGE_STANDARD = gnu11;
				GCC_NO_COMMON_BLOCKS = YES;
				GCC_WARN_64_TO_32_BIT_CONVERSION = YES;
				GCC_WARN_ABOUT_RETURN_TYPE = YES_ERROR;
				GCC_WARN_UNDECLARED_SELECTOR = YES;
				GCC_WARN_UNINITIALIZED_AUTOS = YES_AGGRESSIVE;
				GCC_WARN_UNUSED_FUNCTION = YES;
				GCC_WARN_UNUSED_VARIABLE = YES;
				IPHONEOS_DEPLOYMENT_TARGET = 13.2;
				MTL_ENABLE_DEBUG_INFO = NO;
				MTL_FAST_MATH = YES;
				SDKROOT = iphoneos;
				SWIFT_COMPILATION_MODE = wholemodule;
				SWIFT_OPTIMIZATION_LEVEL = "-O";
				VALIDATE_PRODUCT = YES;
			};
			name = Release;
		};
		97196C8523D7692100EEE6FD /* Debug */ = {
			isa = XCBuildConfiguration;
			buildSettings = {
				ASSETCATALOG_COMPILER_APPICON_NAME = AppIcon;
				CODE_SIGN_STYLE = Automatic;
				DEVELOPMENT_TEAM = V4L99CL288;
				INFOPLIST_FILE = PokeDex/Resources/Info.plist;
				LD_RUNPATH_SEARCH_PATHS = (
					"$(inherited)",
					"@executable_path/Frameworks",
				);
				PRODUCT_BUNDLE_IDENTIFIER = "Max-Poff.PokeDex";
				PRODUCT_NAME = "$(TARGET_NAME)";
				SWIFT_VERSION = 5.0;
				TARGETED_DEVICE_FAMILY = "1,2";
			};
			name = Debug;
		};
		97196C8623D7692100EEE6FD /* Release */ = {
			isa = XCBuildConfiguration;
			buildSettings = {
				ASSETCATALOG_COMPILER_APPICON_NAME = AppIcon;
				CODE_SIGN_STYLE = Automatic;
				DEVELOPMENT_TEAM = V4L99CL288;
				INFOPLIST_FILE = PokeDex/Resources/Info.plist;
				LD_RUNPATH_SEARCH_PATHS = (
					"$(inherited)",
					"@executable_path/Frameworks",
				);
				PRODUCT_BUNDLE_IDENTIFIER = "Max-Poff.PokeDex";
				PRODUCT_NAME = "$(TARGET_NAME)";
				SWIFT_VERSION = 5.0;
				TARGETED_DEVICE_FAMILY = "1,2";
			};
			name = Release;
		};
/* End XCBuildConfiguration section */

/* Begin XCConfigurationList section */
		97196C6B23D7692000EEE6FD /* Build configuration list for PBXProject "PokeDex" */ = {
			isa = XCConfigurationList;
			buildConfigurations = (
				97196C8223D7692100EEE6FD /* Debug */,
				97196C8323D7692100EEE6FD /* Release */,
			);
			defaultConfigurationIsVisible = 0;
			defaultConfigurationName = Release;
		};
		97196C8423D7692100EEE6FD /* Build configuration list for PBXNativeTarget "PokeDex" */ = {
			isa = XCConfigurationList;
			buildConfigurations = (
				97196C8523D7692100EEE6FD /* Debug */,
				97196C8623D7692100EEE6FD /* Release */,
			);
			defaultConfigurationIsVisible = 0;
			defaultConfigurationName = Release;
		};
/* End XCConfigurationList section */
	};
	rootObject = 97196C6823D7692000EEE6FD /* Project object */;
}
